// !$*UTF8*$!
{
	archiveVersion = 1;
	classes = {
	};
	objectVersion = 46;
	objects = {

/* Begin PBXBuildFile section */
		60DA420D1CCFE7F800C914EA /* AppDelegate.swift in Sources */ = {isa = PBXBuildFile; fileRef = 60DA420C1CCFE7F800C914EA /* AppDelegate.swift */; };
		60DA420F1CCFE7F800C914EA /* ViewController.swift in Sources */ = {isa = PBXBuildFile; fileRef = 60DA420E1CCFE7F800C914EA /* ViewController.swift */; };
		60DA42121CCFE7F800C914EA /* Main.storyboard in Resources */ = {isa = PBXBuildFile; fileRef = 60DA42101CCFE7F800C914EA /* Main.storyboard */; };
		60DA42141CCFE7F800C914EA /* Assets.xcassets in Resources */ = {isa = PBXBuildFile; fileRef = 60DA42131CCFE7F800C914EA /* Assets.xcassets */; };
/* End PBXBuildFile section */

/* Begin PBXFileReference section */
		60DA42091CCFE7F800C914EA /* HelloTV.app */ = {isa = PBXFileReference; explicitFileType = wrapper.application; includeInIndex = 0; path = HelloTV.app; sourceTree = BUILT_PRODUCTS_DIR; };
		60DA420C1CCFE7F800C914EA /* AppDelegate.swift */ = {isa = PBXFileReference; lastKnownFileType = sourcecode.swift; path = AppDelegate.swift; sourceTree = "<group>"; };
		60DA420E1CCFE7F800C914EA /* ViewController.swift */ = {isa = PBXFileReference; lastKnownFileType = sourcecode.swift; path = ViewController.swift; sourceTree = "<group>"; };
		60DA42111CCFE7F800C914EA /* Base */ = {isa = PBXFileReference; lastKnownFileType = file.storyboard; name = Base; path = Base.lproj/Main.storyboard; sourceTree = "<group>"; };
		60DA42131CCFE7F800C914EA /* Assets.xcassets */ = {isa = PBXFileReference; lastKnownFileType = folder.assetcatalog; path = Assets.xcassets; sourceTree = "<group>"; };
		60DA42151CCFE7F800C914EA /* Info.plist */ = {isa = PBXFileReference; lastKnownFileType = text.plist.xml; path = Info.plist; sourceTree = "<group>"; };
/* End PBXFileReference section */

/* Begin PBXFrameworksBuildPhase section */
		60DA42061CCFE7F800C914EA /* Frameworks */ = {
			isa = PBXFrameworksBuildPhase;
			buildActionMask = 2147483647;
			files = (
			);
			runOnlyForDeploymentPostprocessing = 0;
		};
/* End PBXFrameworksBuildPhase section */

/* Begin PBXGroup section */
		60DA42001CCFE7F800C914EA = {
			isa = PBXGroup;
			children = (
				60DA420B1CCFE7F800C914EA /* HelloTV */,
				60DA420A1CCFE7F800C914EA /* Products */,
			);
			sourceTree = "<group>";
		};
		60DA420A1CCFE7F800C914EA /* Products */ = {
			isa = PBXGroup;
			children = (
				60DA42091CCFE7F800C914EA /* HelloTV.app */,
			);
			name = Products;
			sourceTree = "<group>";
		};
		60DA420B1CCFE7F800C914EA /* HelloTV */ = {
			isa = PBXGroup;
			children = (
				60DA420C1CCFE7F800C914EA /* AppDelegate.swift */,
				60DA420E1CCFE7F800C914EA /* ViewController.swift */,
				60DA42101CCFE7F800C914EA /* Main.storyboard */,
				60DA42131CCFE7F800C914EA /* Assets.xcassets */,
				60DA42151CCFE7F800C914EA /* Info.plist */,
			);
			path = HelloTV;
			sourceTree = "<group>";
		};
/* End PBXGroup section */

/* Begin PBXNativeTarget section */
		60DA42081CCFE7F800C914EA /* HelloTV */ = {
			isa = PBXNativeTarget;
			buildConfigurationList = 60DA42181CCFE7F800C914EA /* Build configuration list for PBXNativeTarget "HelloTV" */;
			buildPhases = (
				60DA42051CCFE7F800C914EA /* Sources */,
				60DA42061CCFE7F800C914EA /* Frameworks */,
				60DA42071CCFE7F800C914EA /* Resources */,
			);
			buildRules = (
			);
			dependencies = (
			);
			name = HelloTV;
			productName = HelloTV;
			productReference = 60DA42091CCFE7F800C914EA /* HelloTV.app */;
			productType = "com.apple.product-type.application";
		};
/* End PBXNativeTarget section */

/* Begin PBXProject section */
		60DA42011CCFE7F800C914EA /* Project object */ = {
			isa = PBXProject;
			attributes = {
				LastSwiftUpdateCheck = 0730;
				LastUpgradeCheck = 0730;
				ORGANIZATIONNAME = "Luis Resende";
				TargetAttributes = {
					60DA42081CCFE7F800C914EA = {
						CreatedOnToolsVersion = 7.3;
					};
				};
			};
			buildConfigurationList = 60DA42041CCFE7F800C914EA /* Build configuration list for PBXProject "HelloTV" */;
			compatibilityVersion = "Xcode 3.2";
			developmentRegion = English;
			hasScannedForEncodings = 0;
			knownRegions = (
				en,
				Base,
			);
			mainGroup = 60DA42001CCFE7F800C914EA;
			productRefGroup = 60DA420A1CCFE7F800C914EA /* Products */;
			projectDirPath = "";
			projectRoot = "";
			targets = (
				60DA42081CCFE7F800C914EA /* HelloTV */,
			);
		};
/* End PBXProject section */

/* Begin PBXResourcesBuildPhase section */
		60DA42071CCFE7F800C914EA /* Resources */ = {
			isa = PBXResourcesBuildPhase;
			buildActionMask = 2147483647;
			files = (
				60DA42141CCFE7F800C914EA /* Assets.xcassets in Resources */,
				60DA42121CCFE7F800C914EA /* Main.storyboard in Resources */,
			);
			runOnlyForDeploymentPostprocessing = 0;
		};
/* End PBXResourcesBuildPhase section */

/* Begin PBXSourcesBuildPhase section */
		60DA42051CCFE7F800C914EA /* Sources */ = {
			isa = PBXSourcesBuildPhase;
			buildActionMask = 2147483647;
			files = (
				60DA420F1CCFE7F800C914EA /* ViewController.swift in Sources */,
				60DA420D1CCFE7F800C914EA /* AppDelegate.swift in Sources */,
			);
			runOnlyForDeploymentPostprocessing = 0;
		};
/* End PBXSourcesBuildPhase section */

/* Begin PBXVariantGroup section */
		60DA42101CCFE7F800C914EA /* Main.storyboard */ = {
			isa = PBXVariantGroup;
			children = (
				60DA42111CCFE7F800C914EA /* Base */,
			);
			name = Main.storyboard;
			sourceTree = "<group>";
		};
/* End PBXVariantGroup section */

/* Begin XCBuildConfiguration section */
		60DA42161CCFE7F800C914EA /* Debug */ = {
			isa = XCBuildConfiguration;
			buildSettings = {
				ALWAYS_SEARCH_USER_PATHS = NO;
				CLANG_ANALYZER_NONNULL = YES;
				CLANG_CXX_LANGUAGE_STANDARD = "gnu++0x";
				CLANG_CXX_LIBRARY = "libc++";
				CLANG_ENABLE_MODULES = YES;
				CLANG_ENABLE_OBJC_ARC = YES;
				CLANG_WARN_BOOL_CONVERSION = YES;
				CLANG_WARN_CONSTANT_CONVERSION = YES;
				CLANG_WARN_DIRECT_OBJC_ISA_USAGE = YES_ERROR;
				CLANG_WARN_EMPTY_BODY = YES;
				CLANG_WARN_ENUM_CONVERSION = YES;
				CLANG_WARN_INT_CONVERSION = YES;
				CLANG_WARN_OBJC_ROOT_CLASS = YES_ERROR;
				CLANG_WARN_UNREACHABLE_CODE = YES;
				CLANG_WARN__DUPLICATE_METHOD_MATCH = YES;
				COPY_PHASE_STRIP = NO;
				DEBUG_INFORMATION_FORMAT = dwarf;
				ENABLE_STRICT_OBJC_MSGSEND = YES;
				ENABLE_TESTABILITY = YES;
				GCC_C_LANGUAGE_STANDARD = gnu99;
				GCC_DYNAMIC_NO_PIC = NO;
				GCC_NO_COMMON_BLOCKS = YES;
				GCC_OPTIMIZATION_LEVEL = 0;
				GCC_PREPROCESSOR_DEFINITIONS = (
					"DEBUG=1",
					"$(inherited)",
				);
				GCC_WARN_64_TO_32_BIT_CONVERSION = YES;
				GCC_WARN_ABOUT_RETURN_TYPE = YES_ERROR;
				GCC_WARN_UNDECLARED_SELECTOR = YES;
				GCC_WARN_UNINITIALIZED_AUTOS = YES_AGGRESSIVE;
				GCC_WARN_UNUSED_FUNCTION = YES;
				GCC_WARN_UNUSED_VARIABLE = YES;
				MTL_ENABLE_DEBUG_INFO = YES;
				ONLY_ACTIVE_ARCH = YES;
				SDKROOT = appletvos;
				SWIFT_OPTIMIZATION_LEVEL = "-Onone";
				TARGETED_DEVICE_FAMILY = 3;
				TVOS_DEPLOYMENT_TARGET = 9.2;
			};
			name = Debug;
		};
		60DA42171CCFE7F800C914EA /* Release */ = {
			isa = XCBuildConfiguration;
			buildSettings = {
				ALWAYS_SEARCH_USER_PATHS = NO;
				CLANG_ANALYZER_NONNULL = YES;
				CLANG_CXX_LANGUAGE_STANDARD = "gnu++0x";
				CLANG_CXX_LIBRARY = "libc++";
				CLANG_ENABLE_MODULES = YES;
				CLANG_ENABLE_OBJC_ARC = YES;
				CLANG_WARN_BOOL_CONVERSION = YES;
				CLANG_WARN_CONSTANT_CONVERSION = YES;
				CLANG_WARN_DIRECT_OBJC_ISA_USAGE = YES_ERROR;
				CLANG_WARN_EMPTY_BODY = YES;
				CLANG_WARN_ENUM_CONVERSION = YES;
				CLANG_WARN_INT_CONVERSION = YES;
				CLANG_WARN_OBJC_ROOT_CLASS = YES_ERROR;
				CLANG_WARN_UNREACHABLE_CODE = YES;
				CLANG_WARN__DUPLICATE_METHOD_MATCH = YES;
				COPY_PHASE_STRIP = NO;
				DEBUG_INFORMATION_FORMAT = "dwarf-with-dsym";
				ENABLE_NS_ASSERTIONS = NO;
				ENABLE_STRICT_OBJC_MSGSEND = YES;
				GCC_C_LANGUAGE_STANDARD = gnu99;
				GCC_NO_COMMON_BLOCKS = YES;
				GCC_WARN_64_TO_32_BIT_CONVERSION = YES;
				GCC_WARN_ABOUT_RETURN_TYPE = YES_ERROR;
				GCC_WARN_UNDECLARED_SELECTOR = YES;
				GCC_WARN_UNINITIALIZED_AUTOS = YES_AGGRESSIVE;
				GCC_WARN_UNUSED_FUNCTION = YES;
				GCC_WARN_UNUSED_VARIABLE = YES;
				MTL_ENABLE_DEBUG_INFO = NO;
				SDKROOT = appletvos;
				TARGETED_DEVICE_FAMILY = 3;
				TVOS_DEPLOYMENT_TARGET = 9.2;
				VALIDATE_PRODUCT = YES;
			};
			name = Release;
		};
		60DA42191CCFE7F800C914EA /* Debug */ = {
			isa = XCBuildConfiguration;
			buildSettings = {
				ASSETCATALOG_COMPILER_APPICON_NAME = "App Icon & Top Shelf Image";
				ASSETCATALOG_COMPILER_LAUNCHIMAGE_NAME = LaunchImage;
				INFOPLIST_FILE = HelloTV/Info.plist;
				LD_RUNPATH_SEARCH_PATHS = "$(inherited) @executable_path/Frameworks";
				PRODUCT_BUNDLE_IDENTIFIER = LFRV.HelloTV;
				PRODUCT_NAME = "$(TARGET_NAME)";
			};
			name = Debug;
		};
		60DA421A1CCFE7F800C914EA /* Release */ = {
			isa = XCBuildConfiguration;
			buildSettings = {
				ASSETCATALOG_COMPILER_APPICON_NAME = "App Icon & Top Shelf Image";
				ASSETCATALOG_COMPILER_LAUNCHIMAGE_NAME = LaunchImage;
				INFOPLIST_FILE = HelloTV/Info.plist;
				LD_RUNPATH_SEARCH_PATHS = "$(inherited) @executable_path/Frameworks";
				PRODUCT_BUNDLE_IDENTIFIER = LFRV.HelloTV;
				PRODUCT_NAME = "$(TARGET_NAME)";
			};
			name = Release;
		};
/* End XCBuildConfiguration section */

/* Begin XCConfigurationList section */
		60DA42041CCFE7F800C914EA /* Build configuration list for PBXProject "HelloTV" */ = {
			isa = XCConfigurationList;
			buildConfigurations = (
				60DA42161CCFE7F800C914EA /* Debug */,
				60DA42171CCFE7F800C914EA /* Release */,
			);
			defaultConfigurationIsVisible = 0;
			defaultConfigurationName = Release;
		};
		60DA42181CCFE7F800C914EA /* Build configuration list for PBXNativeTarget "HelloTV" */ = {
			isa = XCConfigurationList;
			buildConfigurations = (
				60DA42191CCFE7F800C914EA /* Debug */,
				60DA421A1CCFE7F800C914EA /* Release */,
			);
			defaultConfigurationIsVisible = 0;
		};
/* End XCConfigurationList section */
	};
	rootObject = 60DA42011CCFE7F800C914EA /* Project object */;
}
